// !$*UTF8*$!
{
	archiveVersion = 1;
	classes = {
	};
	objectVersion = 55;
	objects = {

/* Begin PBXBuildFile section */
		4288513D271071FC000D4106 /* CardGameApp.swift in Sources */ = {isa = PBXBuildFile; fileRef = 4288513C271071FC000D4106 /* CardGameApp.swift */; };
		42885141271071FD000D4106 /* Assets.xcassets in Resources */ = {isa = PBXBuildFile; fileRef = 42885140271071FD000D4106 /* Assets.xcassets */; };
		42885144271071FD000D4106 /* Preview Assets.xcassets in Resources */ = {isa = PBXBuildFile; fileRef = 42885143271071FD000D4106 /* Preview Assets.xcassets */; };
		4288514E271071FD000D4106 /* CardGameTests.swift in Sources */ = {isa = PBXBuildFile; fileRef = 4288514D271071FD000D4106 /* CardGameTests.swift */; };
		42885158271071FD000D4106 /* CardGameUITests.swift in Sources */ = {isa = PBXBuildFile; fileRef = 42885157271071FD000D4106 /* CardGameUITests.swift */; };
		4288515A271071FD000D4106 /* CardGameUITestsLaunchTests.swift in Sources */ = {isa = PBXBuildFile; fileRef = 42885159271071FD000D4106 /* CardGameUITestsLaunchTests.swift */; };
		4288516727107250000D4106 /* MemoryGame.swift in Sources */ = {isa = PBXBuildFile; fileRef = 4288516627107250000D4106 /* MemoryGame.swift */; };
		42885169271072DF000D4106 /* EmojiMemoryGame.swift in Sources */ = {isa = PBXBuildFile; fileRef = 42885168271072DF000D4106 /* EmojiMemoryGame.swift */; };
		4288516B2710731B000D4106 /* Pie.swift in Sources */ = {isa = PBXBuildFile; fileRef = 4288516A2710731B000D4106 /* Pie.swift */; };
		4288516D2710733D000D4106 /* Cardify.swift in Sources */ = {isa = PBXBuildFile; fileRef = 4288516C2710733D000D4106 /* Cardify.swift */; };
		42E6FD912723BC9500AEF475 /* ThemeChooser.swift in Sources */ = {isa = PBXBuildFile; fileRef = 42E6FD902723BC9500AEF475 /* ThemeChooser.swift */; };
		42E6FD932723BCA400AEF475 /* ThemeEditor.swift in Sources */ = {isa = PBXBuildFile; fileRef = 42E6FD922723BCA400AEF475 /* ThemeEditor.swift */; };
		42E6FD952723BCC100AEF475 /* ThemeStore.swift in Sources */ = {isa = PBXBuildFile; fileRef = 42E6FD942723BCC100AEF475 /* ThemeStore.swift */; };
		42E6FD972723BE0300AEF475 /* Theme.swift in Sources */ = {isa = PBXBuildFile; fileRef = 42E6FD962723BE0300AEF475 /* Theme.swift */; };
		42E6FD992723EFE600AEF475 /* CardGameView.swift in Sources */ = {isa = PBXBuildFile; fileRef = 42E6FD982723EFE600AEF475 /* CardGameView.swift */; };
		42E6FD9B2724247E00AEF475 /* Extensions.swift in Sources */ = {isa = PBXBuildFile; fileRef = 42E6FD9A2724247E00AEF475 /* Extensions.swift */; };
/* End PBXBuildFile section */

/* Begin PBXContainerItemProxy section */
		4288514A271071FD000D4106 /* PBXContainerItemProxy */ = {
			isa = PBXContainerItemProxy;
			containerPortal = 42885131271071FC000D4106 /* Project object */;
			proxyType = 1;
			remoteGlobalIDString = 42885138271071FC000D4106;
			remoteInfo = CardGame;
		};
		42885154271071FD000D4106 /* PBXContainerItemProxy */ = {
			isa = PBXContainerItemProxy;
			containerPortal = 42885131271071FC000D4106 /* Project object */;
			proxyType = 1;
			remoteGlobalIDString = 42885138271071FC000D4106;
			remoteInfo = CardGame;
		};
/* End PBXContainerItemProxy section */

/* Begin PBXFileReference section */
		42885139271071FC000D4106 /* CardGame.app */ = {isa = PBXFileReference; explicitFileType = wrapper.application; includeInIndex = 0; path = CardGame.app; sourceTree = BUILT_PRODUCTS_DIR; };
		4288513C271071FC000D4106 /* CardGameApp.swift */ = {isa = PBXFileReference; lastKnownFileType = sourcecode.swift; path = CardGameApp.swift; sourceTree = "<group>"; };
		42885140271071FD000D4106 /* Assets.xcassets */ = {isa = PBXFileReference; lastKnownFileType = folder.assetcatalog; path = Assets.xcassets; sourceTree = "<group>"; };
		42885143271071FD000D4106 /* Preview Assets.xcassets */ = {isa = PBXFileReference; lastKnownFileType = folder.assetcatalog; path = "Preview Assets.xcassets"; sourceTree = "<group>"; };
		42885149271071FD000D4106 /* CardGameTests.xctest */ = {isa = PBXFileReference; explicitFileType = wrapper.cfbundle; includeInIndex = 0; path = CardGameTests.xctest; sourceTree = BUILT_PRODUCTS_DIR; };
		4288514D271071FD000D4106 /* CardGameTests.swift */ = {isa = PBXFileReference; lastKnownFileType = sourcecode.swift; path = CardGameTests.swift; sourceTree = "<group>"; };
		42885153271071FD000D4106 /* CardGameUITests.xctest */ = {isa = PBXFileReference; explicitFileType = wrapper.cfbundle; includeInIndex = 0; path = CardGameUITests.xctest; sourceTree = BUILT_PRODUCTS_DIR; };
		42885157271071FD000D4106 /* CardGameUITests.swift */ = {isa = PBXFileReference; lastKnownFileType = sourcecode.swift; path = CardGameUITests.swift; sourceTree = "<group>"; };
		42885159271071FD000D4106 /* CardGameUITestsLaunchTests.swift */ = {isa = PBXFileReference; lastKnownFileType = sourcecode.swift; path = CardGameUITestsLaunchTests.swift; sourceTree = "<group>"; };
		4288516627107250000D4106 /* MemoryGame.swift */ = {isa = PBXFileReference; lastKnownFileType = sourcecode.swift; path = MemoryGame.swift; sourceTree = "<group>"; };
		42885168271072DF000D4106 /* EmojiMemoryGame.swift */ = {isa = PBXFileReference; lastKnownFileType = sourcecode.swift; path = EmojiMemoryGame.swift; sourceTree = "<group>"; };
		4288516A2710731B000D4106 /* Pie.swift */ = {isa = PBXFileReference; lastKnownFileType = sourcecode.swift; path = Pie.swift; sourceTree = "<group>"; };
		4288516C2710733D000D4106 /* Cardify.swift */ = {isa = PBXFileReference; lastKnownFileType = sourcecode.swift; path = Cardify.swift; sourceTree = "<group>"; };
		42E6FD902723BC9500AEF475 /* ThemeChooser.swift */ = {isa = PBXFileReference; lastKnownFileType = sourcecode.swift; path = ThemeChooser.swift; sourceTree = "<group>"; };
		42E6FD922723BCA400AEF475 /* ThemeEditor.swift */ = {isa = PBXFileReference; lastKnownFileType = sourcecode.swift; path = ThemeEditor.swift; sourceTree = "<group>"; };
		42E6FD942723BCC100AEF475 /* ThemeStore.swift */ = {isa = PBXFileReference; lastKnownFileType = sourcecode.swift; path = ThemeStore.swift; sourceTree = "<group>"; };
		42E6FD962723BE0300AEF475 /* Theme.swift */ = {isa = PBXFileReference; lastKnownFileType = sourcecode.swift; path = Theme.swift; sourceTree = "<group>"; };
		42E6FD982723EFE600AEF475 /* CardGameView.swift */ = {isa = PBXFileReference; lastKnownFileType = sourcecode.swift; path = CardGameView.swift; sourceTree = "<group>"; };
		42E6FD9A2724247E00AEF475 /* Extensions.swift */ = {isa = PBXFileReference; lastKnownFileType = sourcecode.swift; path = Extensions.swift; sourceTree = "<group>"; };
/* End PBXFileReference section */

/* Begin PBXFrameworksBuildPhase section */
		42885136271071FC000D4106 /* Frameworks */ = {
			isa = PBXFrameworksBuildPhase;
			buildActionMask = 2147483647;
			files = (
			);
			runOnlyForDeploymentPostprocessing = 0;
		};
		42885146271071FD000D4106 /* Frameworks */ = {
			isa = PBXFrameworksBuildPhase;
			buildActionMask = 2147483647;
			files = (
			);
			runOnlyForDeploymentPostprocessing = 0;
		};
		42885150271071FD000D4106 /* Frameworks */ = {
			isa = PBXFrameworksBuildPhase;
			buildActionMask = 2147483647;
			files = (
			);
			runOnlyForDeploymentPostprocessing = 0;
		};
/* End PBXFrameworksBuildPhase section */

/* Begin PBXGroup section */
		42885130271071FC000D4106 = {
			isa = PBXGroup;
			children = (
				4288513B271071FC000D4106 /* CardGame */,
				4288514C271071FD000D4106 /* CardGameTests */,
				42885156271071FD000D4106 /* CardGameUITests */,
				4288513A271071FC000D4106 /* Products */,
			);
			sourceTree = "<group>";
		};
		4288513A271071FC000D4106 /* Products */ = {
			isa = PBXGroup;
			children = (
				42885139271071FC000D4106 /* CardGame.app */,
				42885149271071FD000D4106 /* CardGameTests.xctest */,
				42885153271071FD000D4106 /* CardGameUITests.xctest */,
			);
			name = Products;
			sourceTree = "<group>";
		};
		4288513B271071FC000D4106 /* CardGame */ = {
			isa = PBXGroup;
			children = (
				42E6FD982723EFE600AEF475 /* CardGameView.swift */,
				4288513C271071FC000D4106 /* CardGameApp.swift */,
				42885140271071FD000D4106 /* Assets.xcassets */,
				42885142271071FD000D4106 /* Preview Content */,
				4288516627107250000D4106 /* MemoryGame.swift */,
				42885168271072DF000D4106 /* EmojiMemoryGame.swift */,
				4288516A2710731B000D4106 /* Pie.swift */,
				4288516C2710733D000D4106 /* Cardify.swift */,
				42E6FD902723BC9500AEF475 /* ThemeChooser.swift */,
				42E6FD922723BCA400AEF475 /* ThemeEditor.swift */,
				42E6FD942723BCC100AEF475 /* ThemeStore.swift */,
				42E6FD962723BE0300AEF475 /* Theme.swift */,
				42E6FD9A2724247E00AEF475 /* Extensions.swift */,
			);
			path = CardGame;
			sourceTree = "<group>";
		};
		42885142271071FD000D4106 /* Preview Content */ = {
			isa = PBXGroup;
			children = (
				42885143271071FD000D4106 /* Preview Assets.xcassets */,
			);
			path = "Preview Content";
			sourceTree = "<group>";
		};
		4288514C271071FD000D4106 /* CardGameTests */ = {
			isa = PBXGroup;
			children = (
				4288514D271071FD000D4106 /* CardGameTests.swift */,
			);
			path = CardGameTests;
			sourceTree = "<group>";
		};
		42885156271071FD000D4106 /* CardGameUITests */ = {
			isa = PBXGroup;
			children = (
				42885157271071FD000D4106 /* CardGameUITests.swift */,
				42885159271071FD000D4106 /* CardGameUITestsLaunchTests.swift */,
			);
			path = CardGameUITests;
			sourceTree = "<group>";
		};
/* End PBXGroup section */

/* Begin PBXNativeTarget section */
		42885138271071FC000D4106 /* CardGame */ = {
			isa = PBXNativeTarget;
			buildConfigurationList = 4288515D271071FD000D4106 /* Build configuration list for PBXNativeTarget "CardGame" */;
			buildPhases = (
				42885135271071FC000D4106 /* Sources */,
				42885136271071FC000D4106 /* Frameworks */,
				42885137271071FC000D4106 /* Resources */,
			);
			buildRules = (
			);
			dependencies = (
			);
			name = CardGame;
			productName = CardGame;
			productReference = 42885139271071FC000D4106 /* CardGame.app */;
			productType = "com.apple.product-type.application";
		};
		42885148271071FD000D4106 /* CardGameTests */ = {
			isa = PBXNativeTarget;
			buildConfigurationList = 42885160271071FD000D4106 /* Build configuration list for PBXNativeTarget "CardGameTests" */;
			buildPhases = (
				42885145271071FD000D4106 /* Sources */,
				42885146271071FD000D4106 /* Frameworks */,
				42885147271071FD000D4106 /* Resources */,
			);
			buildRules = (
			);
			dependencies = (
				4288514B271071FD000D4106 /* PBXTargetDependency */,
			);
			name = CardGameTests;
			productName = CardGameTests;
			productReference = 42885149271071FD000D4106 /* CardGameTests.xctest */;
			productType = "com.apple.product-type.bundle.unit-test";
		};
		42885152271071FD000D4106 /* CardGameUITests */ = {
			isa = PBXNativeTarget;
			buildConfigurationList = 42885163271071FD000D4106 /* Build configuration list for PBXNativeTarget "CardGameUITests" */;
			buildPhases = (
				4288514F271071FD000D4106 /* Sources */,
				42885150271071FD000D4106 /* Frameworks */,
				42885151271071FD000D4106 /* Resources */,
			);
			buildRules = (
			);
			dependencies = (
				42885155271071FD000D4106 /* PBXTargetDependency */,
			);
			name = CardGameUITests;
			productName = CardGameUITests;
			productReference = 42885153271071FD000D4106 /* CardGameUITests.xctest */;
			productType = "com.apple.product-type.bundle.ui-testing";
		};
/* End PBXNativeTarget section */

/* Begin PBXProject section */
		42885131271071FC000D4106 /* Project object */ = {
			isa = PBXProject;
			attributes = {
				BuildIndependentTargetsInParallel = 1;
				LastSwiftUpdateCheck = 1300;
				LastUpgradeCheck = 1300;
				TargetAttributes = {
					42885138271071FC000D4106 = {
						CreatedOnToolsVersion = 13.0;
					};
					42885148271071FD000D4106 = {
						CreatedOnToolsVersion = 13.0;
						TestTargetID = 42885138271071FC000D4106;
					};
					42885152271071FD000D4106 = {
						CreatedOnToolsVersion = 13.0;
						TestTargetID = 42885138271071FC000D4106;
					};
				};
			};
			buildConfigurationList = 42885134271071FC000D4106 /* Build configuration list for PBXProject "CardGame" */;
			compatibilityVersion = "Xcode 13.0";
			developmentRegion = en;
			hasScannedForEncodings = 0;
			knownRegions = (
				en,
				Base,
			);
			mainGroup = 42885130271071FC000D4106;
			productRefGroup = 4288513A271071FC000D4106 /* Products */;
			projectDirPath = "";
			projectRoot = "";
			targets = (
				42885138271071FC000D4106 /* CardGame */,
				42885148271071FD000D4106 /* CardGameTests */,
				42885152271071FD000D4106 /* CardGameUITests */,
			);
		};
/* End PBXProject section */

/* Begin PBXResourcesBuildPhase section */
		42885137271071FC000D4106 /* Resources */ = {
			isa = PBXResourcesBuildPhase;
			buildActionMask = 2147483647;
			files = (
				42885144271071FD000D4106 /* Preview Assets.xcassets in Resources */,
				42885141271071FD000D4106 /* Assets.xcassets in Resources */,
			);
			runOnlyForDeploymentPostprocessing = 0;
		};
		42885147271071FD000D4106 /* Resources */ = {
			isa = PBXResourcesBuildPhase;
			buildActionMask = 2147483647;
			files = (
			);
			runOnlyForDeploymentPostprocessing = 0;
		};
		42885151271071FD000D4106 /* Resources */ = {
			isa = PBXResourcesBuildPhase;
			buildActionMask = 2147483647;
			files = (
			);
			runOnlyForDeploymentPostprocessing = 0;
		};
/* End PBXResourcesBuildPhase section */

/* Begin PBXSourcesBuildPhase section */
		42885135271071FC000D4106 /* Sources */ = {
			isa = PBXSourcesBuildPhase;
			buildActionMask = 2147483647;
			files = (
				4288516D2710733D000D4106 /* Cardify.swift in Sources */,
				4288516B2710731B000D4106 /* Pie.swift in Sources */,
				42E6FD992723EFE600AEF475 /* CardGameView.swift in Sources */,
				42E6FD912723BC9500AEF475 /* ThemeChooser.swift in Sources */,
				4288516727107250000D4106 /* MemoryGame.swift in Sources */,
				4288513D271071FC000D4106 /* CardGameApp.swift in Sources */,
				42E6FD9B2724247E00AEF475 /* Extensions.swift in Sources */,
				42E6FD932723BCA400AEF475 /* ThemeEditor.swift in Sources */,
				42E6FD972723BE0300AEF475 /* Theme.swift in Sources */,
				42E6FD952723BCC100AEF475 /* ThemeStore.swift in Sources */,
				42885169271072DF000D4106 /* EmojiMemoryGame.swift in Sources */,
			);
			runOnlyForDeploymentPostprocessing = 0;
		};
		42885145271071FD000D4106 /* Sources */ = {
			isa = PBXSourcesBuildPhase;
			buildActionMask = 2147483647;
			files = (
				4288514E271071FD000D4106 /* CardGameTests.swift in Sources */,
			);
			runOnlyForDeploymentPostprocessing = 0;
		};
		4288514F271071FD000D4106 /* Sources */ = {
			isa = PBXSourcesBuildPhase;
			buildActionMask = 2147483647;
			files = (
				4288515A271071FD000D4106 /* CardGameUITestsLaunchTests.swift in Sources */,
				42885158271071FD000D4106 /* CardGameUITests.swift in Sources */,
			);
			runOnlyForDeploymentPostprocessing = 0;
		};
/* End PBXSourcesBuildPhase section */

/* Begin PBXTargetDependency section */
		4288514B271071FD000D4106 /* PBXTargetDependency */ = {
			isa = PBXTargetDependency;
			target = 42885138271071FC000D4106 /* CardGame */;
			targetProxy = 4288514A271071FD000D4106 /* PBXContainerItemProxy */;
		};
		42885155271071FD000D4106 /* PBXTargetDependency */ = {
			isa = PBXTargetDependency;
			target = 42885138271071FC000D4106 /* CardGame */;
			targetProxy = 42885154271071FD000D4106 /* PBXContainerItemProxy */;
		};
/* End PBXTargetDependency section */

/* Begin XCBuildConfiguration section */
		4288515B271071FD000D4106 /* Debug */ = {
			isa = XCBuildConfiguration;
			buildSettings = {
				ALWAYS_SEARCH_USER_PATHS = NO;
				CLANG_ANALYZER_NONNULL = YES;
				CLANG_ANALYZER_NUMBER_OBJECT_CONVERSION = YES_AGGRESSIVE;
				CLANG_CXX_LANGUAGE_STANDARD = "gnu++17";
				CLANG_CXX_LIBRARY = "libc++";
				CLANG_ENABLE_MODULES = YES;
				CLANG_ENABLE_OBJC_ARC = YES;
				CLANG_ENABLE_OBJC_WEAK = YES;
				CLANG_WARN_BLOCK_CAPTURE_AUTORELEASING = YES;
				CLANG_WARN_BOOL_CONVERSION = YES;
				CLANG_WARN_COMMA = YES;
				CLANG_WARN_CONSTANT_CONVERSION = YES;
				CLANG_WARN_DEPRECATED_OBJC_IMPLEMENTATIONS = YES;
				CLANG_WARN_DIRECT_OBJC_ISA_USAGE = YES_ERROR;
				CLANG_WARN_DOCUMENTATION_COMMENTS = YES;
				CLANG_WARN_EMPTY_BODY = YES;
				CLANG_WARN_ENUM_CONVERSION = YES;
				CLANG_WARN_INFINITE_RECURSION = YES;
				CLANG_WARN_INT_CONVERSION = YES;
				CLANG_WARN_NON_LITERAL_NULL_CONVERSION = YES;
				CLANG_WARN_OBJC_IMPLICIT_RETAIN_SELF = YES;
				CLANG_WARN_OBJC_LITERAL_CONVERSION = YES;
				CLANG_WARN_OBJC_ROOT_CLASS = YES_ERROR;
				CLANG_WARN_QUOTED_INCLUDE_IN_FRAMEWORK_HEADER = YES;
				CLANG_WARN_RANGE_LOOP_ANALYSIS = YES;
				CLANG_WARN_STRICT_PROTOTYPES = YES;
				CLANG_WARN_SUSPICIOUS_MOVE = YES;
				CLANG_WARN_UNGUARDED_AVAILABILITY = YES_AGGRESSIVE;
				CLANG_WARN_UNREACHABLE_CODE = YES;
				CLANG_WARN__DUPLICATE_METHOD_MATCH = YES;
				COPY_PHASE_STRIP = NO;
				DEBUG_INFORMATION_FORMAT = dwarf;
				ENABLE_STRICT_OBJC_MSGSEND = YES;
				ENABLE_TESTABILITY = YES;
				GCC_C_LANGUAGE_STANDARD = gnu11;
				GCC_DYNAMIC_NO_PIC = NO;
				GCC_NO_COMMON_BLOCKS = YES;
				GCC_OPTIMIZATION_LEVEL = 0;
				GCC_PREPROCESSOR_DEFINITIONS = (
					"DEBUG=1",
					"$(inherited)",
				);
				GCC_WARN_64_TO_32_BIT_CONVERSION = YES;
				GCC_WARN_ABOUT_RETURN_TYPE = YES_ERROR;
				GCC_WARN_UNDECLARED_SELECTOR = YES;
				GCC_WARN_UNINITIALIZED_AUTOS = YES_AGGRESSIVE;
				GCC_WARN_UNUSED_FUNCTION = YES;
				GCC_WARN_UNUSED_VARIABLE = YES;
				IPHONEOS_DEPLOYMENT_TARGET = 15.0;
				MTL_ENABLE_DEBUG_INFO = INCLUDE_SOURCE;
				MTL_FAST_MATH = YES;
				ONLY_ACTIVE_ARCH = YES;
				SDKROOT = iphoneos;
				SWIFT_ACTIVE_COMPILATION_CONDITIONS = DEBUG;
				SWIFT_OPTIMIZATION_LEVEL = "-Onone";
			};
			name = Debug;
		};
		4288515C271071FD000D4106 /* Release */ = {
			isa = XCBuildConfiguration;
			buildSettings = {
				ALWAYS_SEARCH_USER_PATHS = NO;
				CLANG_ANALYZER_NONNULL = YES;
				CLANG_ANALYZER_NUMBER_OBJECT_CONVERSION = YES_AGGRESSIVE;
				CLANG_CXX_LANGUAGE_STANDARD = "gnu++17";
				CLANG_CXX_LIBRARY = "libc++";
				CLANG_ENABLE_MODULES = YES;
				CLANG_ENABLE_OBJC_ARC = YES;
				CLANG_ENABLE_OBJC_WEAK = YES;
				CLANG_WARN_BLOCK_CAPTURE_AUTORELEASING = YES;
				CLANG_WARN_BOOL_CONVERSION = YES;
				CLANG_WARN_COMMA = YES;
				CLANG_WARN_CONSTANT_CONVERSION = YES;
				CLANG_WARN_DEPRECATED_OBJC_IMPLEMENTATIONS = YES;
				CLANG_WARN_DIRECT_OBJC_ISA_USAGE = YES_ERROR;
				CLANG_WARN_DOCUMENTATION_COMMENTS = YES;
				CLANG_WARN_EMPTY_BODY = YES;
				CLANG_WARN_ENUM_CONVERSION = YES;
				CLANG_WARN_INFINITE_RECURSION = YES;
				CLANG_WARN_INT_CONVERSION = YES;
				CLANG_WARN_NON_LITERAL_NULL_CONVERSION = YES;
				CLANG_WARN_OBJC_IMPLICIT_RETAIN_SELF = YES;
				CLANG_WARN_OBJC_LITERAL_CONVERSION = YES;
				CLANG_WARN_OBJC_ROOT_CLASS = YES_ERROR;
				CLANG_WARN_QUOTED_INCLUDE_IN_FRAMEWORK_HEADER = YES;
				CLANG_WARN_RANGE_LOOP_ANALYSIS = YES;
				CLANG_WARN_STRICT_PROTOTYPES = YES;
				CLANG_WARN_SUSPICIOUS_MOVE = YES;
				CLANG_WARN_UNGUARDED_AVAILABILITY = YES_AGGRESSIVE;
				CLANG_WARN_UNREACHABLE_CODE = YES;
				CLANG_WARN__DUPLICATE_METHOD_MATCH = YES;
				COPY_PHASE_STRIP = NO;
				DEBUG_INFORMATION_FORMAT = "dwarf-with-dsym";
				ENABLE_NS_ASSERTIONS = NO;
				ENABLE_STRICT_OBJC_MSGSEND = YES;
				GCC_C_LANGUAGE_STANDARD = gnu11;
				GCC_NO_COMMON_BLOCKS = YES;
				GCC_WARN_64_TO_32_BIT_CONVERSION = YES;
				GCC_WARN_ABOUT_RETURN_TYPE = YES_ERROR;
				GCC_WARN_UNDECLARED_SELECTOR = YES;
				GCC_WARN_UNINITIALIZED_AUTOS = YES_AGGRESSIVE;
				GCC_WARN_UNUSED_FUNCTION = YES;
				GCC_WARN_UNUSED_VARIABLE = YES;
				IPHONEOS_DEPLOYMENT_TARGET = 15.0;
				MTL_ENABLE_DEBUG_INFO = NO;
				MTL_FAST_MATH = YES;
				SDKROOT = iphoneos;
				SWIFT_COMPILATION_MODE = wholemodule;
				SWIFT_OPTIMIZATION_LEVEL = "-O";
				VALIDATE_PRODUCT = YES;
			};
			name = Release;
		};
		4288515E271071FD000D4106 /* Debug */ = {
			isa = XCBuildConfiguration;
			buildSettings = {
				ASSETCATALOG_COMPILER_APPICON_NAME = AppIcon;
				ASSETCATALOG_COMPILER_GLOBAL_ACCENT_COLOR_NAME = AccentColor;
				CODE_SIGN_STYLE = Automatic;
				CURRENT_PROJECT_VERSION = 1;
				DEVELOPMENT_ASSET_PATHS = "\"CardGame/Preview Content\"";
				DEVELOPMENT_TEAM = XLS842JFZV;
				ENABLE_PREVIEWS = YES;
				GENERATE_INFOPLIST_FILE = YES;
				INFOPLIST_KEY_UIApplicationSceneManifest_Generation = YES;
				INFOPLIST_KEY_UIApplicationSupportsIndirectInputEvents = YES;
				INFOPLIST_KEY_UILaunchScreen_Generation = YES;
				INFOPLIST_KEY_UISupportedInterfaceOrientations_iPad = "UIInterfaceOrientationPortrait UIInterfaceOrientationPortraitUpsideDown UIInterfaceOrientationLandscapeLeft UIInterfaceOrientationLandscapeRight";
				INFOPLIST_KEY_UISupportedInterfaceOrientations_iPhone = "UIInterfaceOrientationPortrait UIInterfaceOrientationLandscapeLeft UIInterfaceOrientationLandscapeRight";
				IPHONEOS_DEPLOYMENT_TARGET = 14.0;
				LD_RUNPATH_SEARCH_PATHS = (
					"$(inherited)",
					"@executable_path/Frameworks",
				);
				MARKETING_VERSION = 1.0;
				PRODUCT_BUNDLE_IDENTIFIER = "Mr.-Beast.CardGame";
				PRODUCT_NAME = "$(TARGET_NAME)";
				SWIFT_EMIT_LOC_STRINGS = YES;
				SWIFT_VERSION = 5.0;
				TARGETED_DEVICE_FAMILY = "1,2";
			};
			name = Debug;
		};
		4288515F271071FD000D4106 /* Release */ = {
			isa = XCBuildConfiguration;
			buildSettings = {
				ASSETCATALOG_COMPILER_APPICON_NAME = AppIcon;
				ASSETCATALOG_COMPILER_GLOBAL_ACCENT_COLOR_NAME = AccentColor;
				CODE_SIGN_STYLE = Automatic;
				CURRENT_PROJECT_VERSION = 1;
				DEVELOPMENT_ASSET_PATHS = "\"CardGame/Preview Content\"";
				DEVELOPMENT_TEAM = XLS842JFZV;
				ENABLE_PREVIEWS = YES;
				GENERATE_INFOPLIST_FILE = YES;
				INFOPLIST_KEY_UIApplicationSceneManifest_Generation = YES;
				INFOPLIST_KEY_UIApplicationSupportsIndirectInputEvents = YES;
				INFOPLIST_KEY_UILaunchScreen_Generation = YES;
				INFOPLIST_KEY_UISupportedInterfaceOrientations_iPad = "UIInterfaceOrientationPortrait UIInterfaceOrientationPortraitUpsideDown UIInterfaceOrientationLandscapeLeft UIInterfaceOrientationLandscapeRight";
				INFOPLIST_KEY_UISupportedInterfaceOrientations_iPhone = "UIInterfaceOrientationPortrait UIInterfaceOrientationLandscapeLeft UIInterfaceOrientationLandscapeRight";
				IPHONEOS_DEPLOYMENT_TARGET = 14.0;
				LD_RUNPATH_SEARCH_PATHS = (
					"$(inherited)",
					"@executable_path/Frameworks",
				);
				MARKETING_VERSION = 1.0;
				PRODUCT_BUNDLE_IDENTIFIER = "Mr.-Beast.CardGame";
				PRODUCT_NAME = "$(TARGET_NAME)";
				SWIFT_EMIT_LOC_STRINGS = YES;
				SWIFT_VERSION = 5.0;
				TARGETED_DEVICE_FAMILY = "1,2";
			};
			name = Release;
		};
		42885161271071FD000D4106 /* Debug */ = {
			isa = XCBuildConfiguration;
			buildSettings = {
				ALWAYS_EMBED_SWIFT_STANDARD_LIBRARIES = YES;
				BUNDLE_LOADER = "$(TEST_HOST)";
				CODE_SIGN_STYLE = Automatic;
				CURRENT_PROJECT_VERSION = 1;
				DEVELOPMENT_TEAM = XLS842JFZV;
				GENERATE_INFOPLIST_FILE = YES;
				IPHONEOS_DEPLOYMENT_TARGET = 14.0;
				LD_RUNPATH_SEARCH_PATHS = (
					"$(inherited)",
					"@executable_path/Frameworks",
					"@loader_path/Frameworks",
				);
				MARKETING_VERSION = 1.0;
				PRODUCT_BUNDLE_IDENTIFIER = "Mr.-Beast.CardGameTests";
				PRODUCT_NAME = "$(TARGET_NAME)";
				SWIFT_EMIT_LOC_STRINGS = NO;
				SWIFT_VERSION = 5.0;
				TARGETED_DEVICE_FAMILY = "1,2";
				TEST_HOST = "$(BUILT_PRODUCTS_DIR)/CardGame.app/CardGame";
			};
			name = Debug;
		};
		42885162271071FD000D4106 /* Release */ = {
			isa = XCBuildConfiguration;
			buildSettings = {
				ALWAYS_EMBED_SWIFT_STANDARD_LIBRARIES = YES;
				BUNDLE_LOADER = "$(TEST_HOST)";
				CODE_SIGN_STYLE = Automatic;
				CURRENT_PROJECT_VERSION = 1;
				DEVELOPMENT_TEAM = XLS842JFZV;
				GENERATE_INFOPLIST_FILE = YES;
				IPHONEOS_DEPLOYMENT_TARGET = 14.0;
				LD_RUNPATH_SEARCH_PATHS = (
					"$(inherited)",
					"@executable_path/Frameworks",
					"@loader_path/Frameworks",
				);
				MARKETING_VERSION = 1.0;
				PRODUCT_BUNDLE_IDENTIFIER = "Mr.-Beast.CardGameTests";
				PRODUCT_NAME = "$(TARGET_NAME)";
				SWIFT_EMIT_LOC_STRINGS = NO;
				SWIFT_VERSION = 5.0;
				TARGETED_DEVICE_FAMILY = "1,2";
				TEST_HOST = "$(BUILT_PRODUCTS_DIR)/CardGame.app/CardGame";
			};
			name = Release;
		};
		42885164271071FD000D4106 /* Debug */ = {
			isa = XCBuildConfiguration;
			buildSettings = {
				ALWAYS_EMBED_SWIFT_STANDARD_LIBRARIES = YES;
				CODE_SIGN_STYLE = Automatic;
				CURRENT_PROJECT_VERSION = 1;
				DEVELOPMENT_TEAM = XLS842JFZV;
				GENERATE_INFOPLIST_FILE = YES;
				LD_RUNPATH_SEARCH_PATHS = (
					"$(inherited)",
					"@executable_path/Frameworks",
					"@loader_path/Frameworks",
				);
				MARKETING_VERSION = 1.0;
				PRODUCT_BUNDLE_IDENTIFIER = "Mr.-Beast.CardGameUITests";
				PRODUCT_NAME = "$(TARGET_NAME)";
				SWIFT_EMIT_LOC_STRINGS = NO;
				SWIFT_VERSION = 5.0;
				TARGETED_DEVICE_FAMILY = "1,2";
				TEST_TARGET_NAME = CardGame;
			};
			name = Debug;
		};
		42885165271071FD000D4106 /* Release */ = {
			isa = XCBuildConfiguration;
			buildSettings = {
				ALWAYS_EMBED_SWIFT_STANDARD_LIBRARIES = YES;
				CODE_SIGN_STYLE = Automatic;
				CURRENT_PROJECT_VERSION = 1;
				DEVELOPMENT_TEAM = XLS842JFZV;
				GENERATE_INFOPLIST_FILE = YES;
				LD_RUNPATH_SEARCH_PATHS = (
					"$(inherited)",
					"@executable_path/Frameworks",
					"@loader_path/Frameworks",
				);
				MARKETING_VERSION = 1.0;
				PRODUCT_BUNDLE_IDENTIFIER = "Mr.-Beast.CardGameUITests";
				PRODUCT_NAME = "$(TARGET_NAME)";
				SWIFT_EMIT_LOC_STRINGS = NO;
				SWIFT_VERSION = 5.0;
				TARGETED_DEVICE_FAMILY = "1,2";
				TEST_TARGET_NAME = CardGame;
			};
			name = Release;
		};
/* End XCBuildConfiguration section */

/* Begin XCConfigurationList section */
		42885134271071FC000D4106 /* Build configuration list for PBXProject "CardGame" */ = {
			isa = XCConfigurationList;
			buildConfigurations = (
				4288515B271071FD000D4106 /* Debug */,
				4288515C271071FD000D4106 /* Release */,
			);
			defaultConfigurationIsVisible = 0;
			defaultConfigurationName = Release;
		};
		4288515D271071FD000D4106 /* Build configuration list for PBXNativeTarget "CardGame" */ = {
			isa = XCConfigurationList;
			buildConfigurations = (
				4288515E271071FD000D4106 /* Debug */,
				4288515F271071FD000D4106 /* Release */,
			);
			defaultConfigurationIsVisible = 0;
			defaultConfigurationName = Release;
		};
		42885160271071FD000D4106 /* Build configuration list for PBXNativeTarget "CardGameTests" */ = {
			isa = XCConfigurationList;
			buildConfigurations = (
				42885161271071FD000D4106 /* Debug */,
				42885162271071FD000D4106 /* Release */,
			);
			defaultConfigurationIsVisible = 0;
			defaultConfigurationName = Release;
		};
		42885163271071FD000D4106 /* Build configuration list for PBXNativeTarget "CardGameUITests" */ = {
			isa = XCConfigurationList;
			buildConfigurations = (
				42885164271071FD000D4106 /* Debug */,
				42885165271071FD000D4106 /* Release */,
			);
			defaultConfigurationIsVisible = 0;
			defaultConfigurationName = Release;
		};
/* End XCConfigurationList section */
	};
	rootObject = 42885131271071FC000D4106 /* Project object */;
}
